
Microsoft Visual Studio Solution File, Format Version 12.00
# Visual Studio Version 17
VisualStudioVersion = 17.8.34309.116
MinimumVisualStudioVersion = 10.0.40219.1
Project("{9A19103F-16F7-4668-BE54-9A1E7A4F7556}") = "RDW_API", "RDW_API\RDW_API.csproj", "{C169F98C-B6D5-4EA5-A13F-D30C3777192C}"
EndProject
Project("{FAE04EC0-301F-11D3-BF4B-00C04F79EFBC}") = "RDWTests", "RDWTests\RDWTests.csproj", "{A3D25DB5-FD89-4648-A5AF-719E5542C3A6}"
EndProject
Global
	GlobalSection(SolutionConfigurationPlatforms) = preSolution
		Debug|Any CPU = Debug|Any CPU
		Release|Any CPU = Release|Any CPU
	EndGlobalSection
	GlobalSection(ProjectConfigurationPlatforms) = postSolution
		{C169F98C-B6D5-4EA5-A13F-D30C3777192C}.Debug|Any CPU.ActiveCfg = Debug|Any CPU
		{C169F98C-B6D5-4EA5-A13F-D30C3777192C}.Debug|Any CPU.Build.0 = Debug|Any CPU
		{C169F98C-B6D5-4EA5-A13F-D30C3777192C}.Release|Any CPU.ActiveCfg = Release|Any CPU
		{C169F98C-B6D5-4EA5-A13F-D30C3777192C}.Release|Any CPU.Build.0 = Release|Any CPU
		{A3D25DB5-FD89-4648-A5AF-719E5542C3A6}.Debug|Any CPU.ActiveCfg = Debug|Any CPU
		{A3D25DB5-FD89-4648-A5AF-719E5542C3A6}.Debug|Any CPU.Build.0 = Debug|Any CPU
		{A3D25DB5-FD89-4648-A5AF-719E5542C3A6}.Release|Any CPU.ActiveCfg = Release|Any CPU
		{A3D25DB5-FD89-4648-A5AF-719E5542C3A6}.Release|Any CPU.Build.0 = Release|Any CPU
	EndGlobalSection
	GlobalSection(SolutionProperties) = preSolution
		HideSolutionNode = FALSE
	EndGlobalSection
	GlobalSection(ExtensibilityGlobals) = postSolution
		SolutionGuid = {0C8F8FD6-E4D4-44CE-84B5-0F69F6EBDE3D}
	EndGlobalSection
EndGlobal
